// !$*UTF8*$!
{
	archiveVersion = 1;
	classes = {
	};
	objectVersion = 46;
	objects = {

/* Begin PBXBuildFile section */
		3539F387550D1A1BC66A4A41 /* Pods_ArchitectureStudy.framework in Frameworks */ = {isa = PBXBuildFile; fileRef = E568CD0B5CA1CA353B52AECA /* Pods_ArchitectureStudy.framework */; };
		DCAC84611E222CA4008D8C3A /* IssueModel.swift in Sources */ = {isa = PBXBuildFile; fileRef = DCAC84601E222CA4008D8C3A /* IssueModel.swift */; };
		DCC115CF1E210AAD0031394B /* AppDelegate.swift in Sources */ = {isa = PBXBuildFile; fileRef = DCC115CE1E210AAD0031394B /* AppDelegate.swift */; };
		DCC115D41E210AAD0031394B /* Main.storyboard in Resources */ = {isa = PBXBuildFile; fileRef = DCC115D21E210AAD0031394B /* Main.storyboard */; };
		DCC115D61E210AAD0031394B /* Assets.xcassets in Resources */ = {isa = PBXBuildFile; fileRef = DCC115D51E210AAD0031394B /* Assets.xcassets */; };
		DCC115D91E210AAD0031394B /* LaunchScreen.storyboard in Resources */ = {isa = PBXBuildFile; fileRef = DCC115D71E210AAD0031394B /* LaunchScreen.storyboard */; };
		DCC115E61E210CBD0031394B /* HomeViewController.swift in Sources */ = {isa = PBXBuildFile; fileRef = DCC115E51E210CBD0031394B /* HomeViewController.swift */; };
		DCC115ED1E2211BD0031394B /* MVC.storyboard in Resources */ = {isa = PBXBuildFile; fileRef = DCC115EC1E2211BD0031394B /* MVC.storyboard */; };
		DCC115F91E22153D0031394B /* MVCViewController.swift in Sources */ = {isa = PBXBuildFile; fileRef = DCC115F41E22153D0031394B /* MVCViewController.swift */; };
		DCC115FA1E22153D0031394B /* RepoModel.swift in Sources */ = {isa = PBXBuildFile; fileRef = DCC115F61E22153D0031394B /* RepoModel.swift */; };
		DCC115FB1E22153D0031394B /* MVCCollectionViewCell.swift in Sources */ = {isa = PBXBuildFile; fileRef = DCC115F81E22153D0031394B /* MVCCollectionViewCell.swift */; };
		DCC115FD1E2216880031394B /* IssueDetailViewController.swift in Sources */ = {isa = PBXBuildFile; fileRef = DCC115FC1E2216880031394B /* IssueDetailViewController.swift */; };
/* End PBXBuildFile section */

/* Begin PBXFileReference section */
		3D555246CD0ECD93A8B8C43C /* Pods-ArchitectureStudy.debug.xcconfig */ = {isa = PBXFileReference; includeInIndex = 1; lastKnownFileType = text.xcconfig; name = "Pods-ArchitectureStudy.debug.xcconfig"; path = "Pods/Target Support Files/Pods-ArchitectureStudy/Pods-ArchitectureStudy.debug.xcconfig"; sourceTree = "<group>"; };
		D296DF5CA7822134F3A57E56 /* Pods-ArchitectureStudy.release.xcconfig */ = {isa = PBXFileReference; includeInIndex = 1; lastKnownFileType = text.xcconfig; name = "Pods-ArchitectureStudy.release.xcconfig"; path = "Pods/Target Support Files/Pods-ArchitectureStudy/Pods-ArchitectureStudy.release.xcconfig"; sourceTree = "<group>"; };
		DCAC84601E222CA4008D8C3A /* IssueModel.swift */ = {isa = PBXFileReference; fileEncoding = 4; lastKnownFileType = sourcecode.swift; path = IssueModel.swift; sourceTree = "<group>"; };
		DCC115CB1E210AAD0031394B /* ArchitectureStudy.app */ = {isa = PBXFileReference; explicitFileType = wrapper.application; includeInIndex = 0; path = ArchitectureStudy.app; sourceTree = BUILT_PRODUCTS_DIR; };
		DCC115CE1E210AAD0031394B /* AppDelegate.swift */ = {isa = PBXFileReference; lastKnownFileType = sourcecode.swift; path = AppDelegate.swift; sourceTree = "<group>"; };
		DCC115D31E210AAD0031394B /* Base */ = {isa = PBXFileReference; lastKnownFileType = file.storyboard; name = Base; path = Base.lproj/Main.storyboard; sourceTree = "<group>"; };
		DCC115D51E210AAD0031394B /* Assets.xcassets */ = {isa = PBXFileReference; lastKnownFileType = folder.assetcatalog; path = Assets.xcassets; sourceTree = "<group>"; };
		DCC115D81E210AAD0031394B /* Base */ = {isa = PBXFileReference; lastKnownFileType = file.storyboard; name = Base; path = Base.lproj/LaunchScreen.storyboard; sourceTree = "<group>"; };
		DCC115DA1E210AAD0031394B /* Info.plist */ = {isa = PBXFileReference; lastKnownFileType = text.plist.xml; path = Info.plist; sourceTree = "<group>"; };
		DCC115E51E210CBD0031394B /* HomeViewController.swift */ = {isa = PBXFileReference; fileEncoding = 4; lastKnownFileType = sourcecode.swift; path = HomeViewController.swift; sourceTree = "<group>"; };
		DCC115EC1E2211BD0031394B /* MVC.storyboard */ = {isa = PBXFileReference; fileEncoding = 4; lastKnownFileType = file.storyboard; path = MVC.storyboard; sourceTree = "<group>"; };
		DCC115F41E22153D0031394B /* MVCViewController.swift */ = {isa = PBXFileReference; fileEncoding = 4; lastKnownFileType = sourcecode.swift; path = MVCViewController.swift; sourceTree = "<group>"; };
		DCC115F61E22153D0031394B /* RepoModel.swift */ = {isa = PBXFileReference; fileEncoding = 4; lastKnownFileType = sourcecode.swift; path = RepoModel.swift; sourceTree = "<group>"; };
		DCC115F81E22153D0031394B /* MVCCollectionViewCell.swift */ = {isa = PBXFileReference; fileEncoding = 4; lastKnownFileType = sourcecode.swift; path = MVCCollectionViewCell.swift; sourceTree = "<group>"; };
		DCC115FC1E2216880031394B /* IssueDetailViewController.swift */ = {isa = PBXFileReference; fileEncoding = 4; lastKnownFileType = sourcecode.swift; path = IssueDetailViewController.swift; sourceTree = "<group>"; };
		E568CD0B5CA1CA353B52AECA /* Pods_ArchitectureStudy.framework */ = {isa = PBXFileReference; explicitFileType = wrapper.framework; includeInIndex = 0; path = Pods_ArchitectureStudy.framework; sourceTree = BUILT_PRODUCTS_DIR; };
/* End PBXFileReference section */

/* Begin PBXFrameworksBuildPhase section */
		DCC115C81E210AAD0031394B /* Frameworks */ = {
			isa = PBXFrameworksBuildPhase;
			buildActionMask = 2147483647;
			files = (
				3539F387550D1A1BC66A4A41 /* Pods_ArchitectureStudy.framework in Frameworks */,
			);
			runOnlyForDeploymentPostprocessing = 0;
		};
/* End PBXFrameworksBuildPhase section */

/* Begin PBXGroup section */
		550DE16B5BC0F2CD93E12836 /* Pods */ = {
			isa = PBXGroup;
			children = (
				3D555246CD0ECD93A8B8C43C /* Pods-ArchitectureStudy.debug.xcconfig */,
				D296DF5CA7822134F3A57E56 /* Pods-ArchitectureStudy.release.xcconfig */,
			);
			name = Pods;
			sourceTree = "<group>";
		};
		8B90524B4256F2DEE1A4526D /* Frameworks */ = {
			isa = PBXGroup;
			children = (
				E568CD0B5CA1CA353B52AECA /* Pods_ArchitectureStudy.framework */,
			);
			name = Frameworks;
			sourceTree = "<group>";
		};
		DCC115C21E210AAD0031394B = {
			isa = PBXGroup;
			children = (
				DCC115CD1E210AAD0031394B /* ArchitectureStudy */,
				DCC115CC1E210AAD0031394B /* Products */,
				550DE16B5BC0F2CD93E12836 /* Pods */,
				8B90524B4256F2DEE1A4526D /* Frameworks */,
			);
			sourceTree = "<group>";
		};
		DCC115CC1E210AAD0031394B /* Products */ = {
			isa = PBXGroup;
			children = (
				DCC115CB1E210AAD0031394B /* ArchitectureStudy.app */,
			);
			name = Products;
			sourceTree = "<group>";
		};
		DCC115CD1E210AAD0031394B /* ArchitectureStudy */ = {
			isa = PBXGroup;
			children = (
				DCC115E31E210BE60031394B /* Interfaces */,
				DCC115E21E210BDF0031394B /* Sources */,
				DCC115E11E210BDA0031394B /* Resources */,
				DCC115E01E210BD40031394B /* Supporting Files */,
			);
			path = ArchitectureStudy;
			sourceTree = "<group>";
		};
		DCC115E01E210BD40031394B /* Supporting Files */ = {
			isa = PBXGroup;
			children = (
				DCC115DA1E210AAD0031394B /* Info.plist */,
			);
			name = "Supporting Files";
			sourceTree = "<group>";
		};
		DCC115E11E210BDA0031394B /* Resources */ = {
			isa = PBXGroup;
			children = (
				DCC115D51E210AAD0031394B /* Assets.xcassets */,
			);
			path = Resources;
			sourceTree = "<group>";
		};
		DCC115E21E210BDF0031394B /* Sources */ = {
			isa = PBXGroup;
			children = (
				DCC115F21E22153D0031394B /* MVC */,
				DCC115E51E210CBD0031394B /* HomeViewController.swift */,
				DCC115CE1E210AAD0031394B /* AppDelegate.swift */,
			);
			path = Sources;
			sourceTree = "<group>";
		};
		DCC115E31E210BE60031394B /* Interfaces */ = {
			isa = PBXGroup;
			children = (
				DCC115D71E210AAD0031394B /* LaunchScreen.storyboard */,
				DCC115D21E210AAD0031394B /* Main.storyboard */,
				DCC115EC1E2211BD0031394B /* MVC.storyboard */,
			);
			name = Interfaces;
			sourceTree = "<group>";
		};
		DCC115F21E22153D0031394B /* MVC */ = {
			isa = PBXGroup;
			children = (
				DCC115F31E22153D0031394B /* Controller */,
				DCC115F51E22153D0031394B /* Model */,
				DCC115F71E22153D0031394B /* View */,
			);
			path = MVC;
			sourceTree = "<group>";
		};
		DCC115F31E22153D0031394B /* Controller */ = {
			isa = PBXGroup;
			children = (
				DCC115F41E22153D0031394B /* MVCViewController.swift */,
				DCC115FC1E2216880031394B /* IssueDetailViewController.swift */,
			);
			path = Controller;
			sourceTree = "<group>";
		};
		DCC115F51E22153D0031394B /* Model */ = {
			isa = PBXGroup;
			children = (
				DCC115F61E22153D0031394B /* RepoModel.swift */,
				DCAC84601E222CA4008D8C3A /* IssueModel.swift */,
			);
			path = Model;
			sourceTree = "<group>";
		};
		DCC115F71E22153D0031394B /* View */ = {
			isa = PBXGroup;
			children = (
				DCC115F81E22153D0031394B /* MVCCollectionViewCell.swift */,
			);
			path = View;
			sourceTree = "<group>";
		};
/* End PBXGroup section */

/* Begin PBXNativeTarget section */
		DCC115CA1E210AAD0031394B /* ArchitectureStudy */ = {
			isa = PBXNativeTarget;
			buildConfigurationList = DCC115DD1E210AAD0031394B /* Build configuration list for PBXNativeTarget "ArchitectureStudy" */;
			buildPhases = (
				2FE9327196CFA947B173E33E /* [CP] Check Pods Manifest.lock */,
				DCC115C71E210AAD0031394B /* Sources */,
				DCC115C81E210AAD0031394B /* Frameworks */,
				DCC115C91E210AAD0031394B /* Resources */,
				D903CB571419A805D87D343F /* [CP] Embed Pods Frameworks */,
				D14E779B3A7FD59631615706 /* [CP] Copy Pods Resources */,
			);
			buildRules = (
			);
			dependencies = (
			);
			name = ArchitectureStudy;
			productName = ArchitectureStudy;
			productReference = DCC115CB1E210AAD0031394B /* ArchitectureStudy.app */;
			productType = "com.apple.product-type.application";
		};
/* End PBXNativeTarget section */

/* Begin PBXProject section */
		DCC115C31E210AAD0031394B /* Project object */ = {
			isa = PBXProject;
			attributes = {
				LastSwiftUpdateCheck = 0820;
				LastUpgradeCheck = 0820;
				ORGANIZATIONNAME = "Lee Junho";
				TargetAttributes = {
					DCC115CA1E210AAD0031394B = {
						CreatedOnToolsVersion = 8.2.1;
						DevelopmentTeam = FPY265UZF4;
						ProvisioningStyle = Automatic;
					};
				};
			};
			buildConfigurationList = DCC115C61E210AAD0031394B /* Build configuration list for PBXProject "ArchitectureStudy" */;
			compatibilityVersion = "Xcode 3.2";
			developmentRegion = English;
			hasScannedForEncodings = 0;
			knownRegions = (
				en,
				Base,
			);
			mainGroup = DCC115C21E210AAD0031394B;
			productRefGroup = DCC115CC1E210AAD0031394B /* Products */;
			projectDirPath = "";
			projectRoot = "";
			targets = (
				DCC115CA1E210AAD0031394B /* ArchitectureStudy */,
			);
		};
/* End PBXProject section */

/* Begin PBXResourcesBuildPhase section */
		DCC115C91E210AAD0031394B /* Resources */ = {
			isa = PBXResourcesBuildPhase;
			buildActionMask = 2147483647;
			files = (
				DCC115D91E210AAD0031394B /* LaunchScreen.storyboard in Resources */,
				DCC115D61E210AAD0031394B /* Assets.xcassets in Resources */,
				DCC115D41E210AAD0031394B /* Main.storyboard in Resources */,
				DCC115ED1E2211BD0031394B /* MVC.storyboard in Resources */,
			);
			runOnlyForDeploymentPostprocessing = 0;
		};
/* End PBXResourcesBuildPhase section */

/* Begin PBXShellScriptBuildPhase section */
		2FE9327196CFA947B173E33E /* [CP] Check Pods Manifest.lock */ = {
			isa = PBXShellScriptBuildPhase;
			buildActionMask = 2147483647;
			files = (
			);
			inputPaths = (
			);
			name = "[CP] Check Pods Manifest.lock";
			outputPaths = (
			);
			runOnlyForDeploymentPostprocessing = 0;
			shellPath = /bin/sh;
			shellScript = "diff \"${PODS_ROOT}/../Podfile.lock\" \"${PODS_ROOT}/Manifest.lock\" > /dev/null\nif [ $? != 0 ] ; then\n    # print error to STDERR\n    echo \"error: The sandbox is not in sync with the Podfile.lock. Run 'pod install' or update your CocoaPods installation.\" >&2\n    exit 1\nfi\n";
			showEnvVarsInLog = 0;
		};
		D14E779B3A7FD59631615706 /* [CP] Copy Pods Resources */ = {
			isa = PBXShellScriptBuildPhase;
			buildActionMask = 2147483647;
			files = (
			);
			inputPaths = (
			);
			name = "[CP] Copy Pods Resources";
			outputPaths = (
			);
			runOnlyForDeploymentPostprocessing = 0;
			shellPath = /bin/sh;
			shellScript = "\"${SRCROOT}/Pods/Target Support Files/Pods-ArchitectureStudy/Pods-ArchitectureStudy-resources.sh\"\n";
			showEnvVarsInLog = 0;
		};
		D903CB571419A805D87D343F /* [CP] Embed Pods Frameworks */ = {
			isa = PBXShellScriptBuildPhase;
			buildActionMask = 2147483647;
			files = (
			);
			inputPaths = (
			);
			name = "[CP] Embed Pods Frameworks";
			outputPaths = (
			);
			runOnlyForDeploymentPostprocessing = 0;
			shellPath = /bin/sh;
			shellScript = "\"${SRCROOT}/Pods/Target Support Files/Pods-ArchitectureStudy/Pods-ArchitectureStudy-frameworks.sh\"\n";
			showEnvVarsInLog = 0;
		};
/* End PBXShellScriptBuildPhase section */

/* Begin PBXSourcesBuildPhase section */
		DCC115C71E210AAD0031394B /* Sources */ = {
			isa = PBXSourcesBuildPhase;
			buildActionMask = 2147483647;
			files = (
				DCC115FB1E22153D0031394B /* MVCCollectionViewCell.swift in Sources */,
				DCC115CF1E210AAD0031394B /* AppDelegate.swift in Sources */,
				DCC115FA1E22153D0031394B /* RepoModel.swift in Sources */,
				DCC115F91E22153D0031394B /* MVCViewController.swift in Sources */,
				DCAC84611E222CA4008D8C3A /* IssueModel.swift in Sources */,
				DCC115E61E210CBD0031394B /* HomeViewController.swift in Sources */,
				DCC115FD1E2216880031394B /* IssueDetailViewController.swift in Sources */,
			);
			runOnlyForDeploymentPostprocessing = 0;
		};
/* End PBXSourcesBuildPhase section */

/* Begin PBXVariantGroup section */
		DCC115D21E210AAD0031394B /* Main.storyboard */ = {
			isa = PBXVariantGroup;
			children = (
				DCC115D31E210AAD0031394B /* Base */,
			);
			name = Main.storyboard;
			sourceTree = "<group>";
		};
		DCC115D71E210AAD0031394B /* LaunchScreen.storyboard */ = {
			isa = PBXVariantGroup;
			children = (
				DCC115D81E210AAD0031394B /* Base */,
			);
			name = LaunchScreen.storyboard;
			sourceTree = "<group>";
		};
/* End PBXVariantGroup section */

/* Begin XCBuildConfiguration section */
		DCC115DB1E210AAD0031394B /* Debug */ = {
			isa = XCBuildConfiguration;
			buildSettings = {
				ALWAYS_SEARCH_USER_PATHS = NO;
				CLANG_ANALYZER_NONNULL = YES;
				CLANG_CXX_LANGUAGE_STANDARD = "gnu++0x";
				CLANG_CXX_LIBRARY = "libc++";
				CLANG_ENABLE_MODULES = YES;
				CLANG_ENABLE_OBJC_ARC = YES;
				CLANG_WARN_BOOL_CONVERSION = YES;
				CLANG_WARN_CONSTANT_CONVERSION = YES;
				CLANG_WARN_DIRECT_OBJC_ISA_USAGE = YES_ERROR;
				CLANG_WARN_DOCUMENTATION_COMMENTS = YES;
				CLANG_WARN_EMPTY_BODY = YES;
				CLANG_WARN_ENUM_CONVERSION = YES;
				CLANG_WARN_INFINITE_RECURSION = YES;
				CLANG_WARN_INT_CONVERSION = YES;
				CLANG_WARN_OBJC_ROOT_CLASS = YES_ERROR;
				CLANG_WARN_SUSPICIOUS_MOVE = YES;
				CLANG_WARN_UNREACHABLE_CODE = YES;
				CLANG_WARN__DUPLICATE_METHOD_MATCH = YES;
				"CODE_SIGN_IDENTITY[sdk=iphoneos*]" = "iPhone Developer";
				COPY_PHASE_STRIP = NO;
				DEBUG_INFORMATION_FORMAT = dwarf;
				ENABLE_STRICT_OBJC_MSGSEND = YES;
				ENABLE_TESTABILITY = YES;
				GCC_C_LANGUAGE_STANDARD = gnu99;
				GCC_DYNAMIC_NO_PIC = NO;
				GCC_NO_COMMON_BLOCKS = YES;
				GCC_OPTIMIZATION_LEVEL = 0;
				GCC_PREPROCESSOR_DEFINITIONS = (
					"DEBUG=1",
					"$(inherited)",
				);
				GCC_WARN_64_TO_32_BIT_CONVERSION = YES;
				GCC_WARN_ABOUT_RETURN_TYPE = YES_ERROR;
				GCC_WARN_UNDECLARED_SELECTOR = YES;
				GCC_WARN_UNINITIALIZED_AUTOS = YES_AGGRESSIVE;
				GCC_WARN_UNUSED_FUNCTION = YES;
				GCC_WARN_UNUSED_VARIABLE = YES;
				IPHONEOS_DEPLOYMENT_TARGET = 10.2;
				MTL_ENABLE_DEBUG_INFO = YES;
				ONLY_ACTIVE_ARCH = YES;
				SDKROOT = iphoneos;
				SWIFT_ACTIVE_COMPILATION_CONDITIONS = DEBUG;
				SWIFT_OPTIMIZATION_LEVEL = "-Onone";
			};
			name = Debug;
		};
		DCC115DC1E210AAD0031394B /* Release */ = {
			isa = XCBuildConfiguration;
			buildSettings = {
				ALWAYS_SEARCH_USER_PATHS = NO;
				CLANG_ANALYZER_NONNULL = YES;
				CLANG_CXX_LANGUAGE_STANDARD = "gnu++0x";
				CLANG_CXX_LIBRARY = "libc++";
				CLANG_ENABLE_MODULES = YES;
				CLANG_ENABLE_OBJC_ARC = YES;
				CLANG_WARN_BOOL_CONVERSION = YES;
				CLANG_WARN_CONSTANT_CONVERSION = YES;
				CLANG_WARN_DIRECT_OBJC_ISA_USAGE = YES_ERROR;
				CLANG_WARN_DOCUMENTATION_COMMENTS = YES;
				CLANG_WARN_EMPTY_BODY = YES;
				CLANG_WARN_ENUM_CONVERSION = YES;
				CLANG_WARN_INFINITE_RECURSION = YES;
				CLANG_WARN_INT_CONVERSION = YES;
				CLANG_WARN_OBJC_ROOT_CLASS = YES_ERROR;
				CLANG_WARN_SUSPICIOUS_MOVE = YES;
				CLANG_WARN_UNREACHABLE_CODE = YES;
				CLANG_WARN__DUPLICATE_METHOD_MATCH = YES;
				"CODE_SIGN_IDENTITY[sdk=iphoneos*]" = "iPhone Developer";
				COPY_PHASE_STRIP = NO;
				DEBUG_INFORMATION_FORMAT = "dwarf-with-dsym";
				ENABLE_NS_ASSERTIONS = NO;
				ENABLE_STRICT_OBJC_MSGSEND = YES;
				GCC_C_LANGUAGE_STANDARD = gnu99;
				GCC_NO_COMMON_BLOCKS = YES;
				GCC_WARN_64_TO_32_BIT_CONVERSION = YES;
				GCC_WARN_ABOUT_RETURN_TYPE = YES_ERROR;
				GCC_WARN_UNDECLARED_SELECTOR = YES;
				GCC_WARN_UNINITIALIZED_AUTOS = YES_AGGRESSIVE;
				GCC_WARN_UNUSED_FUNCTION = YES;
				GCC_WARN_UNUSED_VARIABLE = YES;
				IPHONEOS_DEPLOYMENT_TARGET = 10.2;
				MTL_ENABLE_DEBUG_INFO = NO;
				SDKROOT = iphoneos;
				SWIFT_OPTIMIZATION_LEVEL = "-Owholemodule";
				VALIDATE_PRODUCT = YES;
			};
			name = Release;
		};
		DCC115DE1E210AAD0031394B /* Debug */ = {
			isa = XCBuildConfiguration;
			baseConfigurationReference = 3D555246CD0ECD93A8B8C43C /* Pods-ArchitectureStudy.debug.xcconfig */;
			buildSettings = {
				ASSETCATALOG_COMPILER_APPICON_NAME = AppIcon;
				DEVELOPMENT_TEAM = FPY265UZF4;
				INFOPLIST_FILE = ArchitectureStudy/Info.plist;
				LD_RUNPATH_SEARCH_PATHS = "$(inherited) @executable_path/Frameworks";
				PRODUCT_BUNDLE_IDENTIFIER = com.dangercloz.ArchitectureStudy;
				PRODUCT_NAME = "$(TARGET_NAME)";
				SWIFT_VERSION = 3.0;
			};
			name = Debug;
		};
		DCC115DF1E210AAD0031394B /* Release */ = {
			isa = XCBuildConfiguration;
			baseConfigurationReference = D296DF5CA7822134F3A57E56 /* Pods-ArchitectureStudy.release.xcconfig */;
			buildSettings = {
				ASSETCATALOG_COMPILER_APPICON_NAME = AppIcon;
				DEVELOPMENT_TEAM = FPY265UZF4;
				INFOPLIST_FILE = ArchitectureStudy/Info.plist;
				LD_RUNPATH_SEARCH_PATHS = "$(inherited) @executable_path/Frameworks";
				PRODUCT_BUNDLE_IDENTIFIER = com.dangercloz.ArchitectureStudy;
				PRODUCT_NAME = "$(TARGET_NAME)";
				SWIFT_VERSION = 3.0;
			};
			name = Release;
		};
/* End XCBuildConfiguration section */

/* Begin XCConfigurationList section */
		DCC115C61E210AAD0031394B /* Build configuration list for PBXProject "ArchitectureStudy" */ = {
			isa = XCConfigurationList;
			buildConfigurations = (
				DCC115DB1E210AAD0031394B /* Debug */,
				DCC115DC1E210AAD0031394B /* Release */,
			);
			defaultConfigurationIsVisible = 0;
			defaultConfigurationName = Release;
		};
		DCC115DD1E210AAD0031394B /* Build configuration list for PBXNativeTarget "ArchitectureStudy" */ = {
			isa = XCConfigurationList;
			buildConfigurations = (
				DCC115DE1E210AAD0031394B /* Debug */,
				DCC115DF1E210AAD0031394B /* Release */,
			);
			defaultConfigurationIsVisible = 0;
			defaultConfigurationName = Release;
		};
/* End XCConfigurationList section */
	};
	rootObject = DCC115C31E210AAD0031394B /* Project object */;
}
