// !$*UTF8*$!
{
	archiveVersion = 1;
	classes = {
	};
	objectVersion = 46;
	objects = {

/* Begin PBXBuildFile section */
		DCC115CF1E210AAD0031394B /* AppDelegate.swift in Sources */ = {isa = PBXBuildFile; fileRef = DCC115CE1E210AAD0031394B /* AppDelegate.swift */; };
		DCC115D11E210AAD0031394B /* ViewController.swift in Sources */ = {isa = PBXBuildFile; fileRef = DCC115D01E210AAD0031394B /* ViewController.swift */; };
		DCC115D41E210AAD0031394B /* Main.storyboard in Resources */ = {isa = PBXBuildFile; fileRef = DCC115D21E210AAD0031394B /* Main.storyboard */; };
		DCC115D61E210AAD0031394B /* Assets.xcassets in Resources */ = {isa = PBXBuildFile; fileRef = DCC115D51E210AAD0031394B /* Assets.xcassets */; };
		DCC115D91E210AAD0031394B /* LaunchScreen.storyboard in Resources */ = {isa = PBXBuildFile; fileRef = DCC115D71E210AAD0031394B /* LaunchScreen.storyboard */; };
/* End PBXBuildFile section */

/* Begin PBXFileReference section */
		DCC115CB1E210AAD0031394B /* ArchitectureStudy.app */ = {isa = PBXFileReference; explicitFileType = wrapper.application; includeInIndex = 0; path = ArchitectureStudy.app; sourceTree = BUILT_PRODUCTS_DIR; };
		DCC115CE1E210AAD0031394B /* AppDelegate.swift */ = {isa = PBXFileReference; lastKnownFileType = sourcecode.swift; path = AppDelegate.swift; sourceTree = "<group>"; };
		DCC115D01E210AAD0031394B /* ViewController.swift */ = {isa = PBXFileReference; lastKnownFileType = sourcecode.swift; path = ViewController.swift; sourceTree = "<group>"; };
		DCC115D31E210AAD0031394B /* Base */ = {isa = PBXFileReference; lastKnownFileType = file.storyboard; name = Base; path = Base.lproj/Main.storyboard; sourceTree = "<group>"; };
		DCC115D51E210AAD0031394B /* Assets.xcassets */ = {isa = PBXFileReference; lastKnownFileType = folder.assetcatalog; path = Assets.xcassets; sourceTree = "<group>"; };
		DCC115D81E210AAD0031394B /* Base */ = {isa = PBXFileReference; lastKnownFileType = file.storyboard; name = Base; path = Base.lproj/LaunchScreen.storyboard; sourceTree = "<group>"; };
		DCC115DA1E210AAD0031394B /* Info.plist */ = {isa = PBXFileReference; lastKnownFileType = text.plist.xml; path = Info.plist; sourceTree = "<group>"; };
/* End PBXFileReference section */

/* Begin PBXFrameworksBuildPhase section */
		DCC115C81E210AAD0031394B /* Frameworks */ = {
			isa = PBXFrameworksBuildPhase;
			buildActionMask = 2147483647;
			files = (
			);
			runOnlyForDeploymentPostprocessing = 0;
		};
/* End PBXFrameworksBuildPhase section */

/* Begin PBXGroup section */
		DCC115C21E210AAD0031394B = {
			isa = PBXGroup;
			children = (
				DCC115CD1E210AAD0031394B /* ArchitectureStudy */,
				DCC115CC1E210AAD0031394B /* Products */,
			);
			sourceTree = "<group>";
		};
		DCC115CC1E210AAD0031394B /* Products */ = {
			isa = PBXGroup;
			children = (
				DCC115CB1E210AAD0031394B /* ArchitectureStudy.app */,
			);
			name = Products;
			sourceTree = "<group>";
		};
		DCC115CD1E210AAD0031394B /* ArchitectureStudy */ = {
			isa = PBXGroup;
			children = (
				DCC115CE1E210AAD0031394B /* AppDelegate.swift */,
				DCC115D01E210AAD0031394B /* ViewController.swift */,
				DCC115D21E210AAD0031394B /* Main.storyboard */,
				DCC115D51E210AAD0031394B /* Assets.xcassets */,
				DCC115D71E210AAD0031394B /* LaunchScreen.storyboard */,
				DCC115DA1E210AAD0031394B /* Info.plist */,
			);
			path = ArchitectureStudy;
			sourceTree = "<group>";
		};
/* End PBXGroup section */

/* Begin PBXNativeTarget section */
		DCC115CA1E210AAD0031394B /* ArchitectureStudy */ = {
			isa = PBXNativeTarget;
			buildConfigurationList = DCC115DD1E210AAD0031394B /* Build configuration list for PBXNativeTarget "ArchitectureStudy" */;
			buildPhases = (
				DCC115C71E210AAD0031394B /* Sources */,
				DCC115C81E210AAD0031394B /* Frameworks */,
				DCC115C91E210AAD0031394B /* Resources */,
			);
			buildRules = (
			);
			dependencies = (
			);
			name = ArchitectureStudy;
			productName = ArchitectureStudy;
			productReference = DCC115CB1E210AAD0031394B /* ArchitectureStudy.app */;
			productType = "com.apple.product-type.application";
		};
/* End PBXNativeTarget section */

/* Begin PBXProject section */
		DCC115C31E210AAD0031394B /* Project object */ = {
			isa = PBXProject;
			attributes = {
				LastSwiftUpdateCheck = 0820;
				LastUpgradeCheck = 0820;
				ORGANIZATIONNAME = "Lee Junho";
				TargetAttributes = {
					DCC115CA1E210AAD0031394B = {
						CreatedOnToolsVersion = 8.2.1;
						DevelopmentTeam = FPY265UZF4;
						ProvisioningStyle = Automatic;
					};
				};
			};
			buildConfigurationList = DCC115C61E210AAD0031394B /* Build configuration list for PBXProject "ArchitectureStudy" */;
			compatibilityVersion = "Xcode 3.2";
			developmentRegion = English;
			hasScannedForEncodings = 0;
			knownRegions = (
				en,
				Base,
			);
			mainGroup = DCC115C21E210AAD0031394B;
			productRefGroup = DCC115CC1E210AAD0031394B /* Products */;
			projectDirPath = "";
			projectRoot = "";
			targets = (
				DCC115CA1E210AAD0031394B /* ArchitectureStudy */,
			);
		};
/* End PBXProject section */

/* Begin PBXResourcesBuildPhase section */
		DCC115C91E210AAD0031394B /* Resources */ = {
			isa = PBXResourcesBuildPhase;
			buildActionMask = 2147483647;
			files = (
				DCC115D91E210AAD0031394B /* LaunchScreen.storyboard in Resources */,
				DCC115D61E210AAD0031394B /* Assets.xcassets in Resources */,
				DCC115D41E210AAD0031394B /* Main.storyboard in Resources */,
			);
			runOnlyForDeploymentPostprocessing = 0;
		};
/* End PBXResourcesBuildPhase section */

/* Begin PBXSourcesBuildPhase section */
		DCC115C71E210AAD0031394B /* Sources */ = {
			isa = PBXSourcesBuildPhase;
			buildActionMask = 2147483647;
			files = (
				DCC115D11E210AAD0031394B /* ViewController.swift in Sources */,
				DCC115CF1E210AAD0031394B /* AppDelegate.swift in Sources */,
			);
			runOnlyForDeploymentPostprocessing = 0;
		};
/* End PBXSourcesBuildPhase section */

/* Begin PBXVariantGroup section */
		DCC115D21E210AAD0031394B /* Main.storyboard */ = {
			isa = PBXVariantGroup;
			children = (
				DCC115D31E210AAD0031394B /* Base */,
			);
			name = Main.storyboard;
			sourceTree = "<group>";
		};
		DCC115D71E210AAD0031394B /* LaunchScreen.storyboard */ = {
			isa = PBXVariantGroup;
			children = (
				DCC115D81E210AAD0031394B /* Base */,
			);
			name = LaunchScreen.storyboard;
			sourceTree = "<group>";
		};
/* End PBXVariantGroup section */

/* Begin XCBuildConfiguration section */
		DCC115DB1E210AAD0031394B /* Debug */ = {
			isa = XCBuildConfiguration;
			buildSettings = {
				ALWAYS_SEARCH_USER_PATHS = NO;
				CLANG_ANALYZER_NONNULL = YES;
				CLANG_CXX_LANGUAGE_STANDARD = "gnu++0x";
				CLANG_CXX_LIBRARY = "libc++";
				CLANG_ENABLE_MODULES = YES;
				CLANG_ENABLE_OBJC_ARC = YES;
				CLANG_WARN_BOOL_CONVERSION = YES;
				CLANG_WARN_CONSTANT_CONVERSION = YES;
				CLANG_WARN_DIRECT_OBJC_ISA_USAGE = YES_ERROR;
				CLANG_WARN_DOCUMENTATION_COMMENTS = YES;
				CLANG_WARN_EMPTY_BODY = YES;
				CLANG_WARN_ENUM_CONVERSION = YES;
				CLANG_WARN_INFINITE_RECURSION = YES;
				CLANG_WARN_INT_CONVERSION = YES;
				CLANG_WARN_OBJC_ROOT_CLASS = YES_ERROR;
				CLANG_WARN_SUSPICIOUS_MOVE = YES;
				CLANG_WARN_UNREACHABLE_CODE = YES;
				CLANG_WARN__DUPLICATE_METHOD_MATCH = YES;
				"CODE_SIGN_IDENTITY[sdk=iphoneos*]" = "iPhone Developer";
				COPY_PHASE_STRIP = NO;
				DEBUG_INFORMATION_FORMAT = dwarf;
				ENABLE_STRICT_OBJC_MSGSEND = YES;
				ENABLE_TESTABILITY = YES;
				GCC_C_LANGUAGE_STANDARD = gnu99;
				GCC_DYNAMIC_NO_PIC = NO;
				GCC_NO_COMMON_BLOCKS = YES;
				GCC_OPTIMIZATION_LEVEL = 0;
				GCC_PREPROCESSOR_DEFINITIONS = (
					"DEBUG=1",
					"$(inherited)",
				);
				GCC_WARN_64_TO_32_BIT_CONVERSION = YES;
				GCC_WARN_ABOUT_RETURN_TYPE = YES_ERROR;
				GCC_WARN_UNDECLARED_SELECTOR = YES;
				GCC_WARN_UNINITIALIZED_AUTOS = YES_AGGRESSIVE;
				GCC_WARN_UNUSED_FUNCTION = YES;
				GCC_WARN_UNUSED_VARIABLE = YES;
				IPHONEOS_DEPLOYMENT_TARGET = 10.2;
				MTL_ENABLE_DEBUG_INFO = YES;
				ONLY_ACTIVE_ARCH = YES;
				SDKROOT = iphoneos;
				SWIFT_ACTIVE_COMPILATION_CONDITIONS = DEBUG;
				SWIFT_OPTIMIZATION_LEVEL = "-Onone";
			};
			name = Debug;
		};
		DCC115DC1E210AAD0031394B /* Release */ = {
			isa = XCBuildConfiguration;
			buildSettings = {
				ALWAYS_SEARCH_USER_PATHS = NO;
				CLANG_ANALYZER_NONNULL = YES;
				CLANG_CXX_LANGUAGE_STANDARD = "gnu++0x";
				CLANG_CXX_LIBRARY = "libc++";
				CLANG_ENABLE_MODULES = YES;
				CLANG_ENABLE_OBJC_ARC = YES;
				CLANG_WARN_BOOL_CONVERSION = YES;
				CLANG_WARN_CONSTANT_CONVERSION = YES;
				CLANG_WARN_DIRECT_OBJC_ISA_USAGE = YES_ERROR;
				CLANG_WARN_DOCUMENTATION_COMMENTS = YES;
				CLANG_WARN_EMPTY_BODY = YES;
				CLANG_WARN_ENUM_CONVERSION = YES;
				CLANG_WARN_INFINITE_RECURSION = YES;
				CLANG_WARN_INT_CONVERSION = YES;
				CLANG_WARN_OBJC_ROOT_CLASS = YES_ERROR;
				CLANG_WARN_SUSPICIOUS_MOVE = YES;
				CLANG_WARN_UNREACHABLE_CODE = YES;
				CLANG_WARN__DUPLICATE_METHOD_MATCH = YES;
				"CODE_SIGN_IDENTITY[sdk=iphoneos*]" = "iPhone Developer";
				COPY_PHASE_STRIP = NO;
				DEBUG_INFORMATION_FORMAT = "dwarf-with-dsym";
				ENABLE_NS_ASSERTIONS = NO;
				ENABLE_STRICT_OBJC_MSGSEND = YES;
				GCC_C_LANGUAGE_STANDARD = gnu99;
				GCC_NO_COMMON_BLOCKS = YES;
				GCC_WARN_64_TO_32_BIT_CONVERSION = YES;
				GCC_WARN_ABOUT_RETURN_TYPE = YES_ERROR;
				GCC_WARN_UNDECLARED_SELECTOR = YES;
				GCC_WARN_UNINITIALIZED_AUTOS = YES_AGGRESSIVE;
				GCC_WARN_UNUSED_FUNCTION = YES;
				GCC_WARN_UNUSED_VARIABLE = YES;
				IPHONEOS_DEPLOYMENT_TARGET = 10.2;
				MTL_ENABLE_DEBUG_INFO = NO;
				SDKROOT = iphoneos;
				SWIFT_OPTIMIZATION_LEVEL = "-Owholemodule";
				VALIDATE_PRODUCT = YES;
			};
			name = Release;
		};
		DCC115DE1E210AAD0031394B /* Debug */ = {
			isa = XCBuildConfiguration;
			buildSettings = {
				ASSETCATALOG_COMPILER_APPICON_NAME = AppIcon;
				DEVELOPMENT_TEAM = FPY265UZF4;
				INFOPLIST_FILE = ArchitectureStudy/Info.plist;
				LD_RUNPATH_SEARCH_PATHS = "$(inherited) @executable_path/Frameworks";
				PRODUCT_BUNDLE_IDENTIFIER = com.dangercloz.ArchitectureStudy;
				PRODUCT_NAME = "$(TARGET_NAME)";
				SWIFT_VERSION = 3.0;
			};
			name = Debug;
		};
		DCC115DF1E210AAD0031394B /* Release */ = {
			isa = XCBuildConfiguration;
			buildSettings = {
				ASSETCATALOG_COMPILER_APPICON_NAME = AppIcon;
				DEVELOPMENT_TEAM = FPY265UZF4;
				INFOPLIST_FILE = ArchitectureStudy/Info.plist;
				LD_RUNPATH_SEARCH_PATHS = "$(inherited) @executable_path/Frameworks";
				PRODUCT_BUNDLE_IDENTIFIER = com.dangercloz.ArchitectureStudy;
				PRODUCT_NAME = "$(TARGET_NAME)";
				SWIFT_VERSION = 3.0;
			};
			name = Release;
		};
/* End XCBuildConfiguration section */

/* Begin XCConfigurationList section */
		DCC115C61E210AAD0031394B /* Build configuration list for PBXProject "ArchitectureStudy" */ = {
			isa = XCConfigurationList;
			buildConfigurations = (
				DCC115DB1E210AAD0031394B /* Debug */,
				DCC115DC1E210AAD0031394B /* Release */,
			);
			defaultConfigurationIsVisible = 0;
			defaultConfigurationName = Release;
		};
		DCC115DD1E210AAD0031394B /* Build configuration list for PBXNativeTarget "ArchitectureStudy" */ = {
			isa = XCConfigurationList;
			buildConfigurations = (
				DCC115DE1E210AAD0031394B /* Debug */,
				DCC115DF1E210AAD0031394B /* Release */,
			);
			defaultConfigurationIsVisible = 0;
		};
/* End XCConfigurationList section */
	};
	rootObject = DCC115C31E210AAD0031394B /* Project object */;
}
